
Microsoft Visual Studio Solution File, Format Version 12.00
# Visual Studio Version 17
VisualStudioVersion = 17.8.34511.84
MinimumVisualStudioVersion = 10.0.40219.1
Project("{FAE04EC0-301F-11D3-BF4B-00C04F79EFBC}") = "ExtensionMethodProject", "ExtensionMethodProject\ExtensionMethodProject.csproj", "{EDF6A39B-FA14-4643-A9B2-7C32EFCD7965}"
EndProject
Global
	GlobalSection(SolutionConfigurationPlatforms) = preSolution
		Debug|Any CPU = Debug|Any CPU
		Release|Any CPU = Release|Any CPU
	EndGlobalSection
	GlobalSection(ProjectConfigurationPlatforms) = postSolution
		{EDF6A39B-FA14-4643-A9B2-7C32EFCD7965}.Debug|Any CPU.ActiveCfg = Debug|Any CPU
		{EDF6A39B-FA14-4643-A9B2-7C32EFCD7965}.Debug|Any CPU.Build.0 = Debug|Any CPU
		{EDF6A39B-FA14-4643-A9B2-7C32EFCD7965}.Release|Any CPU.ActiveCfg = Release|Any CPU
		{EDF6A39B-FA14-4643-A9B2-7C32EFCD7965}.Release|Any CPU.Build.0 = Release|Any CPU
	EndGlobalSection
	GlobalSection(SolutionProperties) = preSolution
		HideSolutionNode = FALSE
	EndGlobalSection
	GlobalSection(ExtensibilityGlobals) = postSolution
		SolutionGuid = {B2DDC4B3-0298-4117-8F06-E05F742FAAC6}
	EndGlobalSection
EndGlobal
